
Microsoft Visual Studio Solution File, Format Version 12.00
# Visual Studio Version 17
VisualStudioVersion = 17.4.33205.214
MinimumVisualStudioVersion = 10.0.40219.1
Project("{FAE04EC0-301F-11D3-BF4B-00C04F79EFBC}") = "Dispansary Managment System", "Dispansary Managment System\Dispansary Managment System.csproj", "{DD7A9F95-DDD5-4505-BA7E-F9772E1B3A9C}"
EndProject
Global
	GlobalSection(SolutionConfigurationPlatforms) = preSolution
		Debug|Any CPU = Debug|Any CPU
		Release|Any CPU = Release|Any CPU
	EndGlobalSection
	GlobalSection(ProjectConfigurationPlatforms) = postSolution
		{DD7A9F95-DDD5-4505-BA7E-F9772E1B3A9C}.Debug|Any CPU.ActiveCfg = Debug|Any CPU
		{DD7A9F95-DDD5-4505-BA7E-F9772E1B3A9C}.Debug|Any CPU.Build.0 = Debug|Any CPU
		{DD7A9F95-DDD5-4505-BA7E-F9772E1B3A9C}.Release|Any CPU.ActiveCfg = Release|Any CPU
		{DD7A9F95-DDD5-4505-BA7E-F9772E1B3A9C}.Release|Any CPU.Build.0 = Release|Any CPU
	EndGlobalSection
	GlobalSection(SolutionProperties) = preSolution
		HideSolutionNode = FALSE
	EndGlobalSection
	GlobalSection(ExtensibilityGlobals) = postSolution
		SolutionGuid = {21DA325F-5EFF-4B00-A940-F416F0156061}
	EndGlobalSection
EndGlobal
